# THIS IS AN AUTOGENERATED FILE. DO NOT EDIT THIS FILE DIRECTLY.
# yarn lockfile v1


object-assign@^4.1.1:
  version "4.1.1"
  resolved "https://registry.npmjs.org/object-assign/-/object-assign-4.1.1.tgz#2109adc7965887cfc05cbbd442cac8bfbb360863"

promise-polyfill@^6.0.2:
  version "6.0.2"
  resolved "https://registry.npmjs.org/promise-polyfill/-/promise-polyfill-6.0.2.tgz#d9c86d3dc4dc2df9016e88946defd69b49b41162"
